// !$*UTF8*$!
{
	archiveVersion = 1;
	classes = {
	};
	objectVersion = 50;
	objects = {

/* Begin PBXBuildFile section */
		8352C07A25F35476007C83C3 /* Tests_iOS.swift in Sources */ = {isa = PBXBuildFile; fileRef = 8352C07925F35476007C83C3 /* Tests_iOS.swift */; };
		8352C08525F35477007C83C3 /* Tests_macOS.swift in Sources */ = {isa = PBXBuildFile; fileRef = 8352C08425F35477007C83C3 /* Tests_macOS.swift */; };
		8352C08725F35477007C83C3 /* QRCodeApp.swift in Sources */ = {isa = PBXBuildFile; fileRef = 8352C05E25F35474007C83C3 /* QRCodeApp.swift */; };
		8352C08825F35477007C83C3 /* QRCodeApp.swift in Sources */ = {isa = PBXBuildFile; fileRef = 8352C05E25F35474007C83C3 /* QRCodeApp.swift */; };
		8352C08925F35477007C83C3 /* ContentView.swift in Sources */ = {isa = PBXBuildFile; fileRef = 8352C05F25F35474007C83C3 /* ContentView.swift */; };
		8352C08A25F35477007C83C3 /* ContentView.swift in Sources */ = {isa = PBXBuildFile; fileRef = 8352C05F25F35474007C83C3 /* ContentView.swift */; };
		8352C08B25F35477007C83C3 /* Assets.xcassets in Resources */ = {isa = PBXBuildFile; fileRef = 8352C06025F35476007C83C3 /* Assets.xcassets */; };
		8352C08C25F35477007C83C3 /* Assets.xcassets in Resources */ = {isa = PBXBuildFile; fileRef = 8352C06025F35476007C83C3 /* Assets.xcassets */; };
/* End PBXBuildFile section */

/* Begin PBXContainerItemProxy section */
		8352C07625F35476007C83C3 /* PBXContainerItemProxy */ = {
			isa = PBXContainerItemProxy;
			containerPortal = 8352C05925F35474007C83C3 /* Project object */;
			proxyType = 1;
			remoteGlobalIDString = 8352C06425F35476007C83C3;
			remoteInfo = "QRCode (iOS)";
		};
		8352C08125F35477007C83C3 /* PBXContainerItemProxy */ = {
			isa = PBXContainerItemProxy;
			containerPortal = 8352C05925F35474007C83C3 /* Project object */;
			proxyType = 1;
			remoteGlobalIDString = 8352C06C25F35476007C83C3;
			remoteInfo = "QRCode (macOS)";
		};
/* End PBXContainerItemProxy section */

/* Begin PBXFileReference section */
		8352C05E25F35474007C83C3 /* QRCodeApp.swift */ = {isa = PBXFileReference; lastKnownFileType = sourcecode.swift; path = QRCodeApp.swift; sourceTree = "<group>"; };
		8352C05F25F35474007C83C3 /* ContentView.swift */ = {isa = PBXFileReference; lastKnownFileType = sourcecode.swift; path = ContentView.swift; sourceTree = "<group>"; };
		8352C06025F35476007C83C3 /* Assets.xcassets */ = {isa = PBXFileReference; lastKnownFileType = folder.assetcatalog; path = Assets.xcassets; sourceTree = "<group>"; };
		8352C06525F35476007C83C3 /* QRCode.app */ = {isa = PBXFileReference; explicitFileType = wrapper.application; includeInIndex = 0; path = QRCode.app; sourceTree = BUILT_PRODUCTS_DIR; };
		8352C06825F35476007C83C3 /* Info.plist */ = {isa = PBXFileReference; lastKnownFileType = text.plist.xml; path = Info.plist; sourceTree = "<group>"; };
		8352C06D25F35476007C83C3 /* QRCode.app */ = {isa = PBXFileReference; explicitFileType = wrapper.application; includeInIndex = 0; path = QRCode.app; sourceTree = BUILT_PRODUCTS_DIR; };
		8352C06F25F35476007C83C3 /* Info.plist */ = {isa = PBXFileReference; lastKnownFileType = text.plist.xml; path = Info.plist; sourceTree = "<group>"; };
		8352C07025F35476007C83C3 /* macOS.entitlements */ = {isa = PBXFileReference; lastKnownFileType = text.plist.entitlements; path = macOS.entitlements; sourceTree = "<group>"; };
		8352C07525F35476007C83C3 /* Tests iOS.xctest */ = {isa = PBXFileReference; explicitFileType = wrapper.cfbundle; includeInIndex = 0; path = "Tests iOS.xctest"; sourceTree = BUILT_PRODUCTS_DIR; };
		8352C07925F35476007C83C3 /* Tests_iOS.swift */ = {isa = PBXFileReference; lastKnownFileType = sourcecode.swift; path = Tests_iOS.swift; sourceTree = "<group>"; };
		8352C07B25F35476007C83C3 /* Info.plist */ = {isa = PBXFileReference; lastKnownFileType = text.plist.xml; path = Info.plist; sourceTree = "<group>"; };
		8352C08025F35477007C83C3 /* Tests macOS.xctest */ = {isa = PBXFileReference; explicitFileType = wrapper.cfbundle; includeInIndex = 0; path = "Tests macOS.xctest"; sourceTree = BUILT_PRODUCTS_DIR; };
		8352C08425F35477007C83C3 /* Tests_macOS.swift */ = {isa = PBXFileReference; lastKnownFileType = sourcecode.swift; path = Tests_macOS.swift; sourceTree = "<group>"; };
		8352C08625F35477007C83C3 /* Info.plist */ = {isa = PBXFileReference; lastKnownFileType = text.plist.xml; path = Info.plist; sourceTree = "<group>"; };
/* End PBXFileReference section */

/* Begin PBXFrameworksBuildPhase section */
		8352C06225F35476007C83C3 /* Frameworks */ = {
			isa = PBXFrameworksBuildPhase;
			buildActionMask = 2147483647;
			files = (
			);
			runOnlyForDeploymentPostprocessing = 0;
		};
		8352C06A25F35476007C83C3 /* Frameworks */ = {
			isa = PBXFrameworksBuildPhase;
			buildActionMask = 2147483647;
			files = (
			);
			runOnlyForDeploymentPostprocessing = 0;
		};
		8352C07225F35476007C83C3 /* Frameworks */ = {
			isa = PBXFrameworksBuildPhase;
			buildActionMask = 2147483647;
			files = (
			);
			runOnlyForDeploymentPostprocessing = 0;
		};
		8352C07D25F35477007C83C3 /* Frameworks */ = {
			isa = PBXFrameworksBuildPhase;
			buildActionMask = 2147483647;
			files = (
			);
			runOnlyForDeploymentPostprocessing = 0;
		};
/* End PBXFrameworksBuildPhase section */

/* Begin PBXGroup section */
		8352C05825F35474007C83C3 = {
			isa = PBXGroup;
			children = (
				8352C05D25F35474007C83C3 /* Shared */,
				8352C06725F35476007C83C3 /* iOS */,
				8352C06E25F35476007C83C3 /* macOS */,
				8352C07825F35476007C83C3 /* Tests iOS */,
				8352C08325F35477007C83C3 /* Tests macOS */,
				8352C06625F35476007C83C3 /* Products */,
			);
			sourceTree = "<group>";
		};
		8352C05D25F35474007C83C3 /* Shared */ = {
			isa = PBXGroup;
			children = (
				8352C05E25F35474007C83C3 /* QRCodeApp.swift */,
				8352C05F25F35474007C83C3 /* ContentView.swift */,
				8352C06025F35476007C83C3 /* Assets.xcassets */,
			);
			path = Shared;
			sourceTree = "<group>";
		};
		8352C06625F35476007C83C3 /* Products */ = {
			isa = PBXGroup;
			children = (
				8352C06525F35476007C83C3 /* QRCode.app */,
				8352C06D25F35476007C83C3 /* QRCode.app */,
				8352C07525F35476007C83C3 /* Tests iOS.xctest */,
				8352C08025F35477007C83C3 /* Tests macOS.xctest */,
			);
			name = Products;
			sourceTree = "<group>";
		};
		8352C06725F35476007C83C3 /* iOS */ = {
			isa = PBXGroup;
			children = (
				8352C06825F35476007C83C3 /* Info.plist */,
			);
			path = iOS;
			sourceTree = "<group>";
		};
		8352C06E25F35476007C83C3 /* macOS */ = {
			isa = PBXGroup;
			children = (
				8352C06F25F35476007C83C3 /* Info.plist */,
				8352C07025F35476007C83C3 /* macOS.entitlements */,
			);
			path = macOS;
			sourceTree = "<group>";
		};
		8352C07825F35476007C83C3 /* Tests iOS */ = {
			isa = PBXGroup;
			children = (
				8352C07925F35476007C83C3 /* Tests_iOS.swift */,
				8352C07B25F35476007C83C3 /* Info.plist */,
			);
			path = "Tests iOS";
			sourceTree = "<group>";
		};
		8352C08325F35477007C83C3 /* Tests macOS */ = {
			isa = PBXGroup;
			children = (
				8352C08425F35477007C83C3 /* Tests_macOS.swift */,
				8352C08625F35477007C83C3 /* Info.plist */,
			);
			path = "Tests macOS";
			sourceTree = "<group>";
		};
/* End PBXGroup section */

/* Begin PBXNativeTarget section */
		8352C06425F35476007C83C3 /* QRCode (iOS) */ = {
			isa = PBXNativeTarget;
			buildConfigurationList = 8352C08F25F35477007C83C3 /* Build configuration list for PBXNativeTarget "QRCode (iOS)" */;
			buildPhases = (
				8352C06125F35476007C83C3 /* Sources */,
				8352C06225F35476007C83C3 /* Frameworks */,
				8352C06325F35476007C83C3 /* Resources */,
			);
			buildRules = (
			);
			dependencies = (
			);
			name = "QRCode (iOS)";
			productName = "QRCode (iOS)";
			productReference = 8352C06525F35476007C83C3 /* QRCode.app */;
			productType = "com.apple.product-type.application";
		};
		8352C06C25F35476007C83C3 /* QRCode (macOS) */ = {
			isa = PBXNativeTarget;
			buildConfigurationList = 8352C09225F35477007C83C3 /* Build configuration list for PBXNativeTarget "QRCode (macOS)" */;
			buildPhases = (
				8352C06925F35476007C83C3 /* Sources */,
				8352C06A25F35476007C83C3 /* Frameworks */,
				8352C06B25F35476007C83C3 /* Resources */,
			);
			buildRules = (
			);
			dependencies = (
			);
			name = "QRCode (macOS)";
			productName = "QRCode (macOS)";
			productReference = 8352C06D25F35476007C83C3 /* QRCode.app */;
			productType = "com.apple.product-type.application";
		};
		8352C07425F35476007C83C3 /* Tests iOS */ = {
			isa = PBXNativeTarget;
			buildConfigurationList = 8352C09525F35477007C83C3 /* Build configuration list for PBXNativeTarget "Tests iOS" */;
			buildPhases = (
				8352C07125F35476007C83C3 /* Sources */,
				8352C07225F35476007C83C3 /* Frameworks */,
				8352C07325F35476007C83C3 /* Resources */,
			);
			buildRules = (
			);
			dependencies = (
				8352C07725F35476007C83C3 /* PBXTargetDependency */,
			);
			name = "Tests iOS";
			productName = "Tests iOS";
			productReference = 8352C07525F35476007C83C3 /* Tests iOS.xctest */;
			productType = "com.apple.product-type.bundle.ui-testing";
		};
		8352C07F25F35477007C83C3 /* Tests macOS */ = {
			isa = PBXNativeTarget;
			buildConfigurationList = 8352C09825F35477007C83C3 /* Build configuration list for PBXNativeTarget "Tests macOS" */;
			buildPhases = (
				8352C07C25F35477007C83C3 /* Sources */,
				8352C07D25F35477007C83C3 /* Frameworks */,
				8352C07E25F35477007C83C3 /* Resources */,
			);
			buildRules = (
			);
			dependencies = (
				8352C08225F35477007C83C3 /* PBXTargetDependency */,
			);
			name = "Tests macOS";
			productName = "Tests macOS";
			productReference = 8352C08025F35477007C83C3 /* Tests macOS.xctest */;
			productType = "com.apple.product-type.bundle.ui-testing";
		};
/* End PBXNativeTarget section */

/* Begin PBXProject section */
		8352C05925F35474007C83C3 /* Project object */ = {
			isa = PBXProject;
			attributes = {
				LastSwiftUpdateCheck = 1240;
				LastUpgradeCheck = 1240;
				TargetAttributes = {
					8352C06425F35476007C83C3 = {
						CreatedOnToolsVersion = 12.4;
					};
					8352C06C25F35476007C83C3 = {
						CreatedOnToolsVersion = 12.4;
					};
					8352C07425F35476007C83C3 = {
						CreatedOnToolsVersion = 12.4;
						TestTargetID = 8352C06425F35476007C83C3;
					};
					8352C07F25F35477007C83C3 = {
						CreatedOnToolsVersion = 12.4;
						TestTargetID = 8352C06C25F35476007C83C3;
					};
				};
			};
			buildConfigurationList = 8352C05C25F35474007C83C3 /* Build configuration list for PBXProject "QRCode" */;
			compatibilityVersion = "Xcode 9.3";
			developmentRegion = en;
			hasScannedForEncodings = 0;
			knownRegions = (
				en,
				Base,
			);
			mainGroup = 8352C05825F35474007C83C3;
			productRefGroup = 8352C06625F35476007C83C3 /* Products */;
			projectDirPath = "";
			projectRoot = "";
			targets = (
				8352C06425F35476007C83C3 /* QRCode (iOS) */,
				8352C06C25F35476007C83C3 /* QRCode (macOS) */,
				8352C07425F35476007C83C3 /* Tests iOS */,
				8352C07F25F35477007C83C3 /* Tests macOS */,
			);
		};
/* End PBXProject section */

/* Begin PBXResourcesBuildPhase section */
		8352C06325F35476007C83C3 /* Resources */ = {
			isa = PBXResourcesBuildPhase;
			buildActionMask = 2147483647;
			files = (
				8352C08B25F35477007C83C3 /* Assets.xcassets in Resources */,
			);
			runOnlyForDeploymentPostprocessing = 0;
		};
		8352C06B25F35476007C83C3 /* Resources */ = {
			isa = PBXResourcesBuildPhase;
			buildActionMask = 2147483647;
			files = (
				8352C08C25F35477007C83C3 /* Assets.xcassets in Resources */,
			);
			runOnlyForDeploymentPostprocessing = 0;
		};
		8352C07325F35476007C83C3 /* Resources */ = {
			isa = PBXResourcesBuildPhase;
			buildActionMask = 2147483647;
			files = (
			);
			runOnlyForDeploymentPostprocessing = 0;
		};
		8352C07E25F35477007C83C3 /* Resources */ = {
			isa = PBXResourcesBuildPhase;
			buildActionMask = 2147483647;
			files = (
			);
			runOnlyForDeploymentPostprocessing = 0;
		};
/* End PBXResourcesBuildPhase section */

/* Begin PBXSourcesBuildPhase section */
		8352C06125F35476007C83C3 /* Sources */ = {
			isa = PBXSourcesBuildPhase;
			buildActionMask = 2147483647;
			files = (
				8352C08925F35477007C83C3 /* ContentView.swift in Sources */,
				8352C08725F35477007C83C3 /* QRCodeApp.swift in Sources */,
			);
			runOnlyForDeploymentPostprocessing = 0;
		};
		8352C06925F35476007C83C3 /* Sources */ = {
			isa = PBXSourcesBuildPhase;
			buildActionMask = 2147483647;
			files = (
				8352C08A25F35477007C83C3 /* ContentView.swift in Sources */,
				8352C08825F35477007C83C3 /* QRCodeApp.swift in Sources */,
			);
			runOnlyForDeploymentPostprocessing = 0;
		};
		8352C07125F35476007C83C3 /* Sources */ = {
			isa = PBXSourcesBuildPhase;
			buildActionMask = 2147483647;
			files = (
				8352C07A25F35476007C83C3 /* Tests_iOS.swift in Sources */,
			);
			runOnlyForDeploymentPostprocessing = 0;
		};
		8352C07C25F35477007C83C3 /* Sources */ = {
			isa = PBXSourcesBuildPhase;
			buildActionMask = 2147483647;
			files = (
				8352C08525F35477007C83C3 /* Tests_macOS.swift in Sources */,
			);
			runOnlyForDeploymentPostprocessing = 0;
		};
/* End PBXSourcesBuildPhase section */

/* Begin PBXTargetDependency section */
		8352C07725F35476007C83C3 /* PBXTargetDependency */ = {
			isa = PBXTargetDependency;
			target = 8352C06425F35476007C83C3 /* QRCode (iOS) */;
			targetProxy = 8352C07625F35476007C83C3 /* PBXContainerItemProxy */;
		};
		8352C08225F35477007C83C3 /* PBXTargetDependency */ = {
			isa = PBXTargetDependency;
			target = 8352C06C25F35476007C83C3 /* QRCode (macOS) */;
			targetProxy = 8352C08125F35477007C83C3 /* PBXContainerItemProxy */;
		};
/* End PBXTargetDependency section */

/* Begin XCBuildConfiguration section */
		8352C08D25F35477007C83C3 /* Debug */ = {
			isa = XCBuildConfiguration;
			buildSettings = {
				ALWAYS_SEARCH_USER_PATHS = NO;
				CLANG_ANALYZER_NONNULL = YES;
				CLANG_ANALYZER_NUMBER_OBJECT_CONVERSION = YES_AGGRESSIVE;
				CLANG_CXX_LANGUAGE_STANDARD = "gnu++14";
				CLANG_CXX_LIBRARY = "libc++";
				CLANG_ENABLE_MODULES = YES;
				CLANG_ENABLE_OBJC_ARC = YES;
				CLANG_ENABLE_OBJC_WEAK = YES;
				CLANG_WARN_BLOCK_CAPTURE_AUTORELEASING = YES;
				CLANG_WARN_BOOL_CONVERSION = YES;
				CLANG_WARN_COMMA = YES;
				CLANG_WARN_CONSTANT_CONVERSION = YES;
				CLANG_WARN_DEPRECATED_OBJC_IMPLEMENTATIONS = YES;
				CLANG_WARN_DIRECT_OBJC_ISA_USAGE = YES_ERROR;
				CLANG_WARN_DOCUMENTATION_COMMENTS = YES;
				CLANG_WARN_EMPTY_BODY = YES;
				CLANG_WARN_ENUM_CONVERSION = YES;
				CLANG_WARN_INFINITE_RECURSION = YES;
				CLANG_WARN_INT_CONVERSION = YES;
				CLANG_WARN_NON_LITERAL_NULL_CONVERSION = YES;
				CLANG_WARN_OBJC_IMPLICIT_RETAIN_SELF = YES;
				CLANG_WARN_OBJC_LITERAL_CONVERSION = YES;
				CLANG_WARN_OBJC_ROOT_CLASS = YES_ERROR;
				CLANG_WARN_QUOTED_INCLUDE_IN_FRAMEWORK_HEADER = YES;
				CLANG_WARN_RANGE_LOOP_ANALYSIS = YES;
				CLANG_WARN_STRICT_PROTOTYPES = YES;
				CLANG_WARN_SUSPICIOUS_MOVE = YES;
				CLANG_WARN_UNGUARDED_AVAILABILITY = YES_AGGRESSIVE;
				CLANG_WARN_UNREACHABLE_CODE = YES;
				CLANG_WARN__DUPLICATE_METHOD_MATCH = YES;
				COPY_PHASE_STRIP = NO;
				DEBUG_INFORMATION_FORMAT = dwarf;
				ENABLE_STRICT_OBJC_MSGSEND = YES;
				ENABLE_TESTABILITY = YES;
				GCC_C_LANGUAGE_STANDARD = gnu11;
				GCC_DYNAMIC_NO_PIC = NO;
				GCC_NO_COMMON_BLOCKS = YES;
				GCC_OPTIMIZATION_LEVEL = 0;
				GCC_PREPROCESSOR_DEFINITIONS = (
					"DEBUG=1",
					"$(inherited)",
				);
				GCC_WARN_64_TO_32_BIT_CONVERSION = YES;
				GCC_WARN_ABOUT_RETURN_TYPE = YES_ERROR;
				GCC_WARN_UNDECLARED_SELECTOR = YES;
				GCC_WARN_UNINITIALIZED_AUTOS = YES_AGGRESSIVE;
				GCC_WARN_UNUSED_FUNCTION = YES;
				GCC_WARN_UNUSED_VARIABLE = YES;
				MTL_ENABLE_DEBUG_INFO = INCLUDE_SOURCE;
				MTL_FAST_MATH = YES;
				ONLY_ACTIVE_ARCH = YES;
				SWIFT_ACTIVE_COMPILATION_CONDITIONS = DEBUG;
				SWIFT_OPTIMIZATION_LEVEL = "-Onone";
			};
			name = Debug;
		};
		8352C08E25F35477007C83C3 /* Release */ = {
			isa = XCBuildConfiguration;
			buildSettings = {
				ALWAYS_SEARCH_USER_PATHS = NO;
				CLANG_ANALYZER_NONNULL = YES;
				CLANG_ANALYZER_NUMBER_OBJECT_CONVERSION = YES_AGGRESSIVE;
				CLANG_CXX_LANGUAGE_STANDARD = "gnu++14";
				CLANG_CXX_LIBRARY = "libc++";
				CLANG_ENABLE_MODULES = YES;
				CLANG_ENABLE_OBJC_ARC = YES;
				CLANG_ENABLE_OBJC_WEAK = YES;
				CLANG_WARN_BLOCK_CAPTURE_AUTORELEASING = YES;
				CLANG_WARN_BOOL_CONVERSION = YES;
				CLANG_WARN_COMMA = YES;
				CLANG_WARN_CONSTANT_CONVERSION = YES;
				CLANG_WARN_DEPRECATED_OBJC_IMPLEMENTATIONS = YES;
				CLANG_WARN_DIRECT_OBJC_ISA_USAGE = YES_ERROR;
				CLANG_WARN_DOCUMENTATION_COMMENTS = YES;
				CLANG_WARN_EMPTY_BODY = YES;
				CLANG_WARN_ENUM_CONVERSION = YES;
				CLANG_WARN_INFINITE_RECURSION = YES;
				CLANG_WARN_INT_CONVERSION = YES;
				CLANG_WARN_NON_LITERAL_NULL_CONVERSION = YES;
				CLANG_WARN_OBJC_IMPLICIT_RETAIN_SELF = YES;
				CLANG_WARN_OBJC_LITERAL_CONVERSION = YES;
				CLANG_WARN_OBJC_ROOT_CLASS = YES_ERROR;
				CLANG_WARN_QUOTED_INCLUDE_IN_FRAMEWORK_HEADER = YES;
				CLANG_WARN_RANGE_LOOP_ANALYSIS = YES;
				CLANG_WARN_STRICT_PROTOTYPES = YES;
				CLANG_WARN_SUSPICIOUS_MOVE = YES;
				CLANG_WARN_UNGUARDED_AVAILABILITY = YES_AGGRESSIVE;
				CLANG_WARN_UNREACHABLE_CODE = YES;
				CLANG_WARN__DUPLICATE_METHOD_MATCH = YES;
				COPY_PHASE_STRIP = NO;
				DEBUG_INFORMATION_FORMAT = "dwarf-with-dsym";
				ENABLE_NS_ASSERTIONS = NO;
				ENABLE_STRICT_OBJC_MSGSEND = YES;
				GCC_C_LANGUAGE_STANDARD = gnu11;
				GCC_NO_COMMON_BLOCKS = YES;
				GCC_WARN_64_TO_32_BIT_CONVERSION = YES;
				GCC_WARN_ABOUT_RETURN_TYPE = YES_ERROR;
				GCC_WARN_UNDECLARED_SELECTOR = YES;
				GCC_WARN_UNINITIALIZED_AUTOS = YES_AGGRESSIVE;
				GCC_WARN_UNUSED_FUNCTION = YES;
				GCC_WARN_UNUSED_VARIABLE = YES;
				MTL_ENABLE_DEBUG_INFO = NO;
				MTL_FAST_MATH = YES;
				SWIFT_COMPILATION_MODE = wholemodule;
				SWIFT_OPTIMIZATION_LEVEL = "-O";
			};
			name = Release;
		};
		8352C09025F35477007C83C3 /* Debug */ = {
			isa = XCBuildConfiguration;
			buildSettings = {
				ASSETCATALOG_COMPILER_APPICON_NAME = AppIcon;
				ASSETCATALOG_COMPILER_GLOBAL_ACCENT_COLOR_NAME = AccentColor;
				CODE_SIGN_STYLE = Automatic;
				DEVELOPMENT_TEAM = UGDUJASRTY;
				ENABLE_PREVIEWS = YES;
				INFOPLIST_FILE = iOS/Info.plist;
				IPHONEOS_DEPLOYMENT_TARGET = 14.0;
				LD_RUNPATH_SEARCH_PATHS = (
					"$(inherited)",
					"@executable_path/Frameworks",
				);
				PRODUCT_BUNDLE_IDENTIFIER = com.TariqAlmazyad.QRCode;
				PRODUCT_NAME = QRCode;
				SDKROOT = iphoneos;
				SWIFT_VERSION = 5.0;
				TARGETED_DEVICE_FAMILY = "1,2";
			};
			name = Debug;
		};
		8352C09125F35477007C83C3 /* Release */ = {
			isa = XCBuildConfiguration;
			buildSettings = {
				ASSETCATALOG_COMPILER_APPICON_NAME = AppIcon;
				ASSETCATALOG_COMPILER_GLOBAL_ACCENT_COLOR_NAME = AccentColor;
				CODE_SIGN_STYLE = Automatic;
				DEVELOPMENT_TEAM = UGDUJASRTY;
				ENABLE_PREVIEWS = YES;
				INFOPLIST_FILE = iOS/Info.plist;
				IPHONEOS_DEPLOYMENT_TARGET = 14.0;
				LD_RUNPATH_SEARCH_PATHS = (
					"$(inherited)",
					"@executable_path/Frameworks",
				);
				PRODUCT_BUNDLE_IDENTIFIER = com.TariqAlmazyad.QRCode;
				PRODUCT_NAME = QRCode;
				SDKROOT = iphoneos;
				SWIFT_VERSION = 5.0;
				TARGETED_DEVICE_FAMILY = "1,2";
				VALIDATE_PRODUCT = YES;
			};
			name = Release;
		};
		8352C09325F35477007C83C3 /* Debug */ = {
			isa = XCBuildConfiguration;
			buildSettings = {
				ASSETCATALOG_COMPILER_APPICON_NAME = AppIcon;
				ASSETCATALOG_COMPILER_GLOBAL_ACCENT_COLOR_NAME = AccentColor;
				CODE_SIGN_ENTITLEMENTS = macOS/macOS.entitlements;
				CODE_SIGN_STYLE = Automatic;
				COMBINE_HIDPI_IMAGES = YES;
				DEVELOPMENT_TEAM = UGDUJASRTY;
				ENABLE_HARDENED_RUNTIME = YES;
				ENABLE_PREVIEWS = YES;
				INFOPLIST_FILE = macOS/Info.plist;
				LD_RUNPATH_SEARCH_PATHS = (
					"$(inherited)",
					"@executable_path/../Frameworks",
				);
				MACOSX_DEPLOYMENT_TARGET = 11.0;
				PRODUCT_BUNDLE_IDENTIFIER = com.TariqAlmazyad.QRCode;
				PRODUCT_NAME = QRCode;
				SDKROOT = macosx;
				SWIFT_VERSION = 5.0;
			};
			name = Debug;
		};
		8352C09425F35477007C83C3 /* Release */ = {
			isa = XCBuildConfiguration;
			buildSettings = {
				ASSETCATALOG_COMPILER_APPICON_NAME = AppIcon;
				ASSETCATALOG_COMPILER_GLOBAL_ACCENT_COLOR_NAME = AccentColor;
				CODE_SIGN_ENTITLEMENTS = macOS/macOS.entitlements;
				CODE_SIGN_STYLE = Automatic;
				COMBINE_HIDPI_IMAGES = YES;
				DEVELOPMENT_TEAM = UGDUJASRTY;
				ENABLE_HARDENED_RUNTIME = YES;
				ENABLE_PREVIEWS = YES;
				INFOPLIST_FILE = macOS/Info.plist;
				LD_RUNPATH_SEARCH_PATHS = (
					"$(inherited)",
					"@executable_path/../Frameworks",
				);
				MACOSX_DEPLOYMENT_TARGET = 11.0;
				PRODUCT_BUNDLE_IDENTIFIER = com.TariqAlmazyad.QRCode;
				PRODUCT_NAME = QRCode;
				SDKROOT = macosx;
				SWIFT_VERSION = 5.0;
			};
			name = Release;
		};
		8352C09625F35477007C83C3 /* Debug */ = {
			isa = XCBuildConfiguration;
			buildSettings = {
				ALWAYS_EMBED_SWIFT_STANDARD_LIBRARIES = YES;
				CODE_SIGN_STYLE = Automatic;
				DEVELOPMENT_TEAM = UGDUJASRTY;
				INFOPLIST_FILE = "Tests iOS/Info.plist";
				IPHONEOS_DEPLOYMENT_TARGET = 14.4;
				LD_RUNPATH_SEARCH_PATHS = (
					"$(inherited)",
					"@executable_path/Frameworks",
					"@loader_path/Frameworks",
				);
				PRODUCT_BUNDLE_IDENTIFIER = "com.TariqAlmazyad.Tests-iOS";
				PRODUCT_NAME = "$(TARGET_NAME)";
				SDKROOT = iphoneos;
				SWIFT_VERSION = 5.0;
				TARGETED_DEVICE_FAMILY = "1,2";
				TEST_TARGET_NAME = "QRCode (iOS)";
			};
			name = Debug;
		};
		8352C09725F35477007C83C3 /* Release */ = {
			isa = XCBuildConfiguration;
			buildSettings = {
				ALWAYS_EMBED_SWIFT_STANDARD_LIBRARIES = YES;
				CODE_SIGN_STYLE = Automatic;
				DEVELOPMENT_TEAM = UGDUJASRTY;
				INFOPLIST_FILE = "Tests iOS/Info.plist";
				IPHONEOS_DEPLOYMENT_TARGET = 14.4;
				LD_RUNPATH_SEARCH_PATHS = (
					"$(inherited)",
					"@executable_path/Frameworks",
					"@loader_path/Frameworks",
				);
				PRODUCT_BUNDLE_IDENTIFIER = "com.TariqAlmazyad.Tests-iOS";
				PRODUCT_NAME = "$(TARGET_NAME)";
				SDKROOT = iphoneos;
				SWIFT_VERSION = 5.0;
				TARGETED_DEVICE_FAMILY = "1,2";
				TEST_TARGET_NAME = "QRCode (iOS)";
				VALIDATE_PRODUCT = YES;
			};
			name = Release;
		};
		8352C09925F35477007C83C3 /* Debug */ = {
			isa = XCBuildConfiguration;
			buildSettings = {
				ALWAYS_EMBED_SWIFT_STANDARD_LIBRARIES = YES;
				CODE_SIGN_STYLE = Automatic;
				COMBINE_HIDPI_IMAGES = YES;
				DEVELOPMENT_TEAM = UGDUJASRTY;
				INFOPLIST_FILE = "Tests macOS/Info.plist";
				LD_RUNPATH_SEARCH_PATHS = (
					"$(inherited)",
					"@executable_path/../Frameworks",
					"@loader_path/../Frameworks",
				);
				MACOSX_DEPLOYMENT_TARGET = 11.1;
				PRODUCT_BUNDLE_IDENTIFIER = "com.TariqAlmazyad.Tests-macOS";
				PRODUCT_NAME = "$(TARGET_NAME)";
				SDKROOT = macosx;
				SWIFT_VERSION = 5.0;
				TEST_TARGET_NAME = "QRCode (macOS)";
			};
			name = Debug;
		};
		8352C09A25F35477007C83C3 /* Release */ = {
			isa = XCBuildConfiguration;
			buildSettings = {
				ALWAYS_EMBED_SWIFT_STANDARD_LIBRARIES = YES;
				CODE_SIGN_STYLE = Automatic;
				COMBINE_HIDPI_IMAGES = YES;
				DEVELOPMENT_TEAM = UGDUJASRTY;
				INFOPLIST_FILE = "Tests macOS/Info.plist";
				LD_RUNPATH_SEARCH_PATHS = (
					"$(inherited)",
					"@executable_path/../Frameworks",
					"@loader_path/../Frameworks",
				);
				MACOSX_DEPLOYMENT_TARGET = 11.1;
				PRODUCT_BUNDLE_IDENTIFIER = "com.TariqAlmazyad.Tests-macOS";
				PRODUCT_NAME = "$(TARGET_NAME)";
				SDKROOT = macosx;
				SWIFT_VERSION = 5.0;
				TEST_TARGET_NAME = "QRCode (macOS)";
			};
			name = Release;
		};
/* End XCBuildConfiguration section */

/* Begin XCConfigurationList section */
		8352C05C25F35474007C83C3 /* Build configuration list for PBXProject "QRCode" */ = {
			isa = XCConfigurationList;
			buildConfigurations = (
				8352C08D25F35477007C83C3 /* Debug */,
				8352C08E25F35477007C83C3 /* Release */,
			);
			defaultConfigurationIsVisible = 0;
			defaultConfigurationName = Release;
		};
		8352C08F25F35477007C83C3 /* Build configuration list for PBXNativeTarget "QRCode (iOS)" */ = {
			isa = XCConfigurationList;
			buildConfigurations = (
				8352C09025F35477007C83C3 /* Debug */,
				8352C09125F35477007C83C3 /* Release */,
			);
			defaultConfigurationIsVisible = 0;
			defaultConfigurationName = Release;
		};
		8352C09225F35477007C83C3 /* Build configuration list for PBXNativeTarget "QRCode (macOS)" */ = {
			isa = XCConfigurationList;
			buildConfigurations = (
				8352C09325F35477007C83C3 /* Debug */,
				8352C09425F35477007C83C3 /* Release */,
			);
			defaultConfigurationIsVisible = 0;
			defaultConfigurationName = Release;
		};
		8352C09525F35477007C83C3 /* Build configuration list for PBXNativeTarget "Tests iOS" */ = {
			isa = XCConfigurationList;
			buildConfigurations = (
				8352C09625F35477007C83C3 /* Debug */,
				8352C09725F35477007C83C3 /* Release */,
			);
			defaultConfigurationIsVisible = 0;
			defaultConfigurationName = Release;
		};
		8352C09825F35477007C83C3 /* Build configuration list for PBXNativeTarget "Tests macOS" */ = {
			isa = XCConfigurationList;
			buildConfigurations = (
				8352C09925F35477007C83C3 /* Debug */,
				8352C09A25F35477007C83C3 /* Release */,
			);
			defaultConfigurationIsVisible = 0;
			defaultConfigurationName = Release;
		};
/* End XCConfigurationList section */
	};
	rootObject = 8352C05925F35474007C83C3 /* Project object */;
}
